// !$*UTF8*$!
{
	archiveVersion = 1;
	classes = {
	};
	objectVersion = 56;
	objects = {

/* Begin PBXBuildFile section */
		B9597B9B2A2B632800AEE5B8 /* PSNetworkVaporExampleAppApp.swift in Sources */ = {isa = PBXBuildFile; fileRef = B9597B9A2A2B632800AEE5B8 /* PSNetworkVaporExampleAppApp.swift */; };
		B9597B9D2A2B632800AEE5B8 /* ContentView.swift in Sources */ = {isa = PBXBuildFile; fileRef = B9597B9C2A2B632800AEE5B8 /* ContentView.swift */; };
		B9597B9F2A2B632900AEE5B8 /* Assets.xcassets in Resources */ = {isa = PBXBuildFile; fileRef = B9597B9E2A2B632900AEE5B8 /* Assets.xcassets */; };
		B9597BA22A2B632900AEE5B8 /* Preview Assets.xcassets in Resources */ = {isa = PBXBuildFile; fileRef = B9597BA12A2B632900AEE5B8 /* Preview Assets.xcassets */; };
		B9597BAC2A2B742000AEE5B8 /* AsyncContentView.swift in Sources */ = {isa = PBXBuildFile; fileRef = B9597BAB2A2B742000AEE5B8 /* AsyncContentView.swift */; };
		B9597BB42A2C689D00AEE5B8 /* PSNetwork in Frameworks */ = {isa = PBXBuildFile; productRef = B9597BB32A2C689D00AEE5B8 /* PSNetwork */; };
		B9597BB82A2C6DCB00AEE5B8 /* PSNetworkVaporSharedLibrary in Frameworks */ = {isa = PBXBuildFile; productRef = B9597BB72A2C6DCB00AEE5B8 /* PSNetworkVaporSharedLibrary */; };
		B9597BBA2A2C79CE00AEE5B8 /* PostView.swift in Sources */ = {isa = PBXBuildFile; fileRef = B9597BB92A2C79CE00AEE5B8 /* PostView.swift */; };
		B9597BBC2A2C900500AEE5B8 /* post.json in Resources */ = {isa = PBXBuildFile; fileRef = B9597BBB2A2C900500AEE5B8 /* post.json */; };
		B9597BBE2A2C905A00AEE5B8 /* GetView.swift in Sources */ = {isa = PBXBuildFile; fileRef = B9597BBD2A2C905A00AEE5B8 /* GetView.swift */; };
		B9597BC02A2C933B00AEE5B8 /* get.json in Resources */ = {isa = PBXBuildFile; fileRef = B9597BBF2A2C933B00AEE5B8 /* get.json */; };
/* End PBXBuildFile section */

/* Begin PBXFileReference section */
		B9597B972A2B632800AEE5B8 /* PSNetworkVaporExampleApp.app */ = {isa = PBXFileReference; explicitFileType = wrapper.application; includeInIndex = 0; path = PSNetworkVaporExampleApp.app; sourceTree = BUILT_PRODUCTS_DIR; };
		B9597B9A2A2B632800AEE5B8 /* PSNetworkVaporExampleAppApp.swift */ = {isa = PBXFileReference; lastKnownFileType = sourcecode.swift; path = PSNetworkVaporExampleAppApp.swift; sourceTree = "<group>"; };
		B9597B9C2A2B632800AEE5B8 /* ContentView.swift */ = {isa = PBXFileReference; lastKnownFileType = sourcecode.swift; path = ContentView.swift; sourceTree = "<group>"; };
		B9597B9E2A2B632900AEE5B8 /* Assets.xcassets */ = {isa = PBXFileReference; lastKnownFileType = folder.assetcatalog; path = Assets.xcassets; sourceTree = "<group>"; };
		B9597BA12A2B632900AEE5B8 /* Preview Assets.xcassets */ = {isa = PBXFileReference; lastKnownFileType = folder.assetcatalog; path = "Preview Assets.xcassets"; sourceTree = "<group>"; };
		B9597BAB2A2B742000AEE5B8 /* AsyncContentView.swift */ = {isa = PBXFileReference; fileEncoding = 4; lastKnownFileType = sourcecode.swift; path = AsyncContentView.swift; sourceTree = "<group>"; };
		B9597BB12A2B77D500AEE5B8 /* Info.plist */ = {isa = PBXFileReference; lastKnownFileType = text.plist; path = Info.plist; sourceTree = "<group>"; };
		B9597BB92A2C79CE00AEE5B8 /* PostView.swift */ = {isa = PBXFileReference; lastKnownFileType = sourcecode.swift; path = PostView.swift; sourceTree = "<group>"; };
		B9597BBB2A2C900500AEE5B8 /* post.json */ = {isa = PBXFileReference; lastKnownFileType = text.json; path = post.json; sourceTree = "<group>"; };
		B9597BBD2A2C905A00AEE5B8 /* GetView.swift */ = {isa = PBXFileReference; lastKnownFileType = sourcecode.swift; path = GetView.swift; sourceTree = "<group>"; };
		B9597BBF2A2C933B00AEE5B8 /* get.json */ = {isa = PBXFileReference; lastKnownFileType = text.json; path = get.json; sourceTree = "<group>"; };
/* End PBXFileReference section */

/* Begin PBXFrameworksBuildPhase section */
		B9597B942A2B632800AEE5B8 /* Frameworks */ = {
			isa = PBXFrameworksBuildPhase;
			buildActionMask = 2147483647;
			files = (
				B9597BB82A2C6DCB00AEE5B8 /* PSNetworkVaporSharedLibrary in Frameworks */,
				B9597BB42A2C689D00AEE5B8 /* PSNetwork in Frameworks */,
			);
			runOnlyForDeploymentPostprocessing = 0;
		};
/* End PBXFrameworksBuildPhase section */

/* Begin PBXGroup section */
		B9597B8E2A2B632800AEE5B8 = {
			isa = PBXGroup;
			children = (
				B9597B992A2B632800AEE5B8 /* PSNetworkVaporExampleApp */,
				B9597B982A2B632800AEE5B8 /* Products */,
				B9597BA82A2B685800AEE5B8 /* Frameworks */,
			);
			sourceTree = "<group>";
		};
		B9597B982A2B632800AEE5B8 /* Products */ = {
			isa = PBXGroup;
			children = (
				B9597B972A2B632800AEE5B8 /* PSNetworkVaporExampleApp.app */,
			);
			name = Products;
			sourceTree = "<group>";
		};
		B9597B992A2B632800AEE5B8 /* PSNetworkVaporExampleApp */ = {
			isa = PBXGroup;
			children = (
				B9597BB12A2B77D500AEE5B8 /* Info.plist */,
				B9597B9A2A2B632800AEE5B8 /* PSNetworkVaporExampleAppApp.swift */,
				B9597B9C2A2B632800AEE5B8 /* ContentView.swift */,
				B9597BAB2A2B742000AEE5B8 /* AsyncContentView.swift */,
				B9597B9E2A2B632900AEE5B8 /* Assets.xcassets */,
				B9597BA02A2B632900AEE5B8 /* Preview Content */,
				B9597BB92A2C79CE00AEE5B8 /* PostView.swift */,
				B9597BBB2A2C900500AEE5B8 /* post.json */,
				B9597BBD2A2C905A00AEE5B8 /* GetView.swift */,
				B9597BBF2A2C933B00AEE5B8 /* get.json */,
			);
			path = PSNetworkVaporExampleApp;
			sourceTree = "<group>";
		};
		B9597BA02A2B632900AEE5B8 /* Preview Content */ = {
			isa = PBXGroup;
			children = (
				B9597BA12A2B632900AEE5B8 /* Preview Assets.xcassets */,
			);
			path = "Preview Content";
			sourceTree = "<group>";
		};
		B9597BA82A2B685800AEE5B8 /* Frameworks */ = {
			isa = PBXGroup;
			children = (
			);
			name = Frameworks;
			sourceTree = "<group>";
		};
/* End PBXGroup section */

/* Begin PBXNativeTarget section */
		B9597B962A2B632800AEE5B8 /* PSNetworkVaporExampleApp */ = {
			isa = PBXNativeTarget;
			buildConfigurationList = B9597BA52A2B632900AEE5B8 /* Build configuration list for PBXNativeTarget "PSNetworkVaporExampleApp" */;
			buildPhases = (
				B9597B932A2B632800AEE5B8 /* Sources */,
				B9597B942A2B632800AEE5B8 /* Frameworks */,
				B9597B952A2B632800AEE5B8 /* Resources */,
			);
			buildRules = (
			);
			dependencies = (
			);
			name = PSNetworkVaporExampleApp;
			packageProductDependencies = (
				B9597BB32A2C689D00AEE5B8 /* PSNetwork */,
				B9597BB72A2C6DCB00AEE5B8 /* PSNetworkVaporSharedLibrary */,
			);
			productName = PSNetworkVaporExampleApp;
			productReference = B9597B972A2B632800AEE5B8 /* PSNetworkVaporExampleApp.app */;
			productType = "com.apple.product-type.application";
		};
/* End PBXNativeTarget section */

/* Begin PBXProject section */
		B9597B8F2A2B632800AEE5B8 /* Project object */ = {
			isa = PBXProject;
			attributes = {
				BuildIndependentTargetsInParallel = 1;
				LastSwiftUpdateCheck = 1430;
				LastUpgradeCheck = 1430;
				TargetAttributes = {
					B9597B962A2B632800AEE5B8 = {
						CreatedOnToolsVersion = 14.3;
					};
				};
			};
			buildConfigurationList = B9597B922A2B632800AEE5B8 /* Build configuration list for PBXProject "PSNetworkVaporExampleApp" */;
			compatibilityVersion = "Xcode 14.0";
			developmentRegion = en;
			hasScannedForEncodings = 0;
			knownRegions = (
				en,
				Base,
			);
			mainGroup = B9597B8E2A2B632800AEE5B8;
			packageReferences = (
				B9597BB22A2C689D00AEE5B8 /* XCRemoteSwiftPackageReference "PSNetwork" */,
				B9597BB62A2C6DCB00AEE5B8 /* XCRemoteSwiftPackageReference "PSNetworkVaporSharedLibrary" */,
			);
			productRefGroup = B9597B982A2B632800AEE5B8 /* Products */;
			projectDirPath = "";
			projectRoot = "";
			targets = (
				B9597B962A2B632800AEE5B8 /* PSNetworkVaporExampleApp */,
			);
		};
/* End PBXProject section */

/* Begin PBXResourcesBuildPhase section */
		B9597B952A2B632800AEE5B8 /* Resources */ = {
			isa = PBXResourcesBuildPhase;
			buildActionMask = 2147483647;
			files = (
				B9597BC02A2C933B00AEE5B8 /* get.json in Resources */,
				B9597BA22A2B632900AEE5B8 /* Preview Assets.xcassets in Resources */,
				B9597B9F2A2B632900AEE5B8 /* Assets.xcassets in Resources */,
				B9597BBC2A2C900500AEE5B8 /* post.json in Resources */,
			);
			runOnlyForDeploymentPostprocessing = 0;
		};
/* End PBXResourcesBuildPhase section */

/* Begin PBXSourcesBuildPhase section */
		B9597B932A2B632800AEE5B8 /* Sources */ = {
			isa = PBXSourcesBuildPhase;
			buildActionMask = 2147483647;
			files = (
				B9597B9D2A2B632800AEE5B8 /* ContentView.swift in Sources */,
				B9597BBE2A2C905A00AEE5B8 /* GetView.swift in Sources */,
				B9597BAC2A2B742000AEE5B8 /* AsyncContentView.swift in Sources */,
				B9597BBA2A2C79CE00AEE5B8 /* PostView.swift in Sources */,
				B9597B9B2A2B632800AEE5B8 /* PSNetworkVaporExampleAppApp.swift in Sources */,
			);
			runOnlyForDeploymentPostprocessing = 0;
		};
/* End PBXSourcesBuildPhase section */

/* Begin XCBuildConfiguration section */
		B9597BA32A2B632900AEE5B8 /* Debug */ = {
			isa = XCBuildConfiguration;
			buildSettings = {
				ALWAYS_SEARCH_USER_PATHS = NO;
				CLANG_ANALYZER_NONNULL = YES;
				CLANG_ANALYZER_NUMBER_OBJECT_CONVERSION = YES_AGGRESSIVE;
				CLANG_CXX_LANGUAGE_STANDARD = "gnu++20";
				CLANG_ENABLE_MODULES = YES;
				CLANG_ENABLE_OBJC_ARC = YES;
				CLANG_ENABLE_OBJC_WEAK = YES;
				CLANG_WARN_BLOCK_CAPTURE_AUTORELEASING = YES;
				CLANG_WARN_BOOL_CONVERSION = YES;
				CLANG_WARN_COMMA = YES;
				CLANG_WARN_CONSTANT_CONVERSION = YES;
				CLANG_WARN_DEPRECATED_OBJC_IMPLEMENTATIONS = YES;
				CLANG_WARN_DIRECT_OBJC_ISA_USAGE = YES_ERROR;
				CLANG_WARN_DOCUMENTATION_COMMENTS = YES;
				CLANG_WARN_EMPTY_BODY = YES;
				CLANG_WARN_ENUM_CONVERSION = YES;
				CLANG_WARN_INFINITE_RECURSION = YES;
				CLANG_WARN_INT_CONVERSION = YES;
				CLANG_WARN_NON_LITERAL_NULL_CONVERSION = YES;
				CLANG_WARN_OBJC_IMPLICIT_RETAIN_SELF = YES;
				CLANG_WARN_OBJC_LITERAL_CONVERSION = YES;
				CLANG_WARN_OBJC_ROOT_CLASS = YES_ERROR;
				CLANG_WARN_QUOTED_INCLUDE_IN_FRAMEWORK_HEADER = YES;
				CLANG_WARN_RANGE_LOOP_ANALYSIS = YES;
				CLANG_WARN_STRICT_PROTOTYPES = YES;
				CLANG_WARN_SUSPICIOUS_MOVE = YES;
				CLANG_WARN_UNGUARDED_AVAILABILITY = YES_AGGRESSIVE;
				CLANG_WARN_UNREACHABLE_CODE = YES;
				CLANG_WARN__DUPLICATE_METHOD_MATCH = YES;
				COPY_PHASE_STRIP = NO;
				DEBUG_INFORMATION_FORMAT = dwarf;
				ENABLE_STRICT_OBJC_MSGSEND = YES;
				ENABLE_TESTABILITY = YES;
				GCC_C_LANGUAGE_STANDARD = gnu11;
				GCC_DYNAMIC_NO_PIC = NO;
				GCC_NO_COMMON_BLOCKS = YES;
				GCC_OPTIMIZATION_LEVEL = 0;
				GCC_PREPROCESSOR_DEFINITIONS = (
					"DEBUG=1",
					"$(inherited)",
				);
				GCC_WARN_64_TO_32_BIT_CONVERSION = YES;
				GCC_WARN_ABOUT_RETURN_TYPE = YES_ERROR;
				GCC_WARN_UNDECLARED_SELECTOR = YES;
				GCC_WARN_UNINITIALIZED_AUTOS = YES_AGGRESSIVE;
				GCC_WARN_UNUSED_FUNCTION = YES;
				GCC_WARN_UNUSED_VARIABLE = YES;
				IPHONEOS_DEPLOYMENT_TARGET = 16.4;
				MTL_ENABLE_DEBUG_INFO = INCLUDE_SOURCE;
				MTL_FAST_MATH = YES;
				ONLY_ACTIVE_ARCH = YES;
				SDKROOT = iphoneos;
				SWIFT_ACTIVE_COMPILATION_CONDITIONS = DEBUG;
				SWIFT_OPTIMIZATION_LEVEL = "-Onone";
			};
			name = Debug;
		};
		B9597BA42A2B632900AEE5B8 /* Release */ = {
			isa = XCBuildConfiguration;
			buildSettings = {
				ALWAYS_SEARCH_USER_PATHS = NO;
				CLANG_ANALYZER_NONNULL = YES;
				CLANG_ANALYZER_NUMBER_OBJECT_CONVERSION = YES_AGGRESSIVE;
				CLANG_CXX_LANGUAGE_STANDARD = "gnu++20";
				CLANG_ENABLE_MODULES = YES;
				CLANG_ENABLE_OBJC_ARC = YES;
				CLANG_ENABLE_OBJC_WEAK = YES;
				CLANG_WARN_BLOCK_CAPTURE_AUTORELEASING = YES;
				CLANG_WARN_BOOL_CONVERSION = YES;
				CLANG_WARN_COMMA = YES;
				CLANG_WARN_CONSTANT_CONVERSION = YES;
				CLANG_WARN_DEPRECATED_OBJC_IMPLEMENTATIONS = YES;
				CLANG_WARN_DIRECT_OBJC_ISA_USAGE = YES_ERROR;
				CLANG_WARN_DOCUMENTATION_COMMENTS = YES;
				CLANG_WARN_EMPTY_BODY = YES;
				CLANG_WARN_ENUM_CONVERSION = YES;
				CLANG_WARN_INFINITE_RECURSION = YES;
				CLANG_WARN_INT_CONVERSION = YES;
				CLANG_WARN_NON_LITERAL_NULL_CONVERSION = YES;
				CLANG_WARN_OBJC_IMPLICIT_RETAIN_SELF = YES;
				CLANG_WARN_OBJC_LITERAL_CONVERSION = YES;
				CLANG_WARN_OBJC_ROOT_CLASS = YES_ERROR;
				CLANG_WARN_QUOTED_INCLUDE_IN_FRAMEWORK_HEADER = YES;
				CLANG_WARN_RANGE_LOOP_ANALYSIS = YES;
				CLANG_WARN_STRICT_PROTOTYPES = YES;
				CLANG_WARN_SUSPICIOUS_MOVE = YES;
				CLANG_WARN_UNGUARDED_AVAILABILITY = YES_AGGRESSIVE;
				CLANG_WARN_UNREACHABLE_CODE = YES;
				CLANG_WARN__DUPLICATE_METHOD_MATCH = YES;
				COPY_PHASE_STRIP = NO;
				DEBUG_INFORMATION_FORMAT = "dwarf-with-dsym";
				ENABLE_NS_ASSERTIONS = NO;
				ENABLE_STRICT_OBJC_MSGSEND = YES;
				GCC_C_LANGUAGE_STANDARD = gnu11;
				GCC_NO_COMMON_BLOCKS = YES;
				GCC_WARN_64_TO_32_BIT_CONVERSION = YES;
				GCC_WARN_ABOUT_RETURN_TYPE = YES_ERROR;
				GCC_WARN_UNDECLARED_SELECTOR = YES;
				GCC_WARN_UNINITIALIZED_AUTOS = YES_AGGRESSIVE;
				GCC_WARN_UNUSED_FUNCTION = YES;
				GCC_WARN_UNUSED_VARIABLE = YES;
				IPHONEOS_DEPLOYMENT_TARGET = 16.4;
				MTL_ENABLE_DEBUG_INFO = NO;
				MTL_FAST_MATH = YES;
				SDKROOT = iphoneos;
				SWIFT_COMPILATION_MODE = wholemodule;
				SWIFT_OPTIMIZATION_LEVEL = "-O";
				VALIDATE_PRODUCT = YES;
			};
			name = Release;
		};
		B9597BA62A2B632900AEE5B8 /* Debug */ = {
			isa = XCBuildConfiguration;
			buildSettings = {
				ASSETCATALOG_COMPILER_APPICON_NAME = AppIcon;
				ASSETCATALOG_COMPILER_GLOBAL_ACCENT_COLOR_NAME = AccentColor;
				CODE_SIGN_STYLE = Automatic;
				CURRENT_PROJECT_VERSION = 1;
				DEVELOPMENT_ASSET_PATHS = "\"PSNetworkVaporExampleApp/Preview Content\"";
				DEVELOPMENT_TEAM = JS9AZ4Z7FX;
				ENABLE_PREVIEWS = YES;
				GENERATE_INFOPLIST_FILE = YES;
				INFOPLIST_FILE = PSNetworkVaporExampleApp/Info.plist;
				INFOPLIST_KEY_UIApplicationSceneManifest_Generation = YES;
				INFOPLIST_KEY_UIApplicationSupportsIndirectInputEvents = YES;
				INFOPLIST_KEY_UILaunchScreen_Generation = YES;
				INFOPLIST_KEY_UISupportedInterfaceOrientations_iPad = "UIInterfaceOrientationPortrait UIInterfaceOrientationPortraitUpsideDown UIInterfaceOrientationLandscapeLeft UIInterfaceOrientationLandscapeRight";
				INFOPLIST_KEY_UISupportedInterfaceOrientations_iPhone = "UIInterfaceOrientationPortrait UIInterfaceOrientationLandscapeLeft UIInterfaceOrientationLandscapeRight";
				LD_RUNPATH_SEARCH_PATHS = (
					"$(inherited)",
					"@executable_path/Frameworks",
				);
				MARKETING_VERSION = 1.0;
				PRODUCT_BUNDLE_IDENTIFIER = software.poleze.PSNetworkVaporExampleApp;
				PRODUCT_NAME = "$(TARGET_NAME)";
				SWIFT_EMIT_LOC_STRINGS = YES;
				SWIFT_VERSION = 5.0;
				TARGETED_DEVICE_FAMILY = "1,2";
			};
			name = Debug;
		};
		B9597BA72A2B632900AEE5B8 /* Release */ = {
			isa = XCBuildConfiguration;
			buildSettings = {
				ASSETCATALOG_COMPILER_APPICON_NAME = AppIcon;
				ASSETCATALOG_COMPILER_GLOBAL_ACCENT_COLOR_NAME = AccentColor;
				CODE_SIGN_STYLE = Automatic;
				CURRENT_PROJECT_VERSION = 1;
				DEVELOPMENT_ASSET_PATHS = "\"PSNetworkVaporExampleApp/Preview Content\"";
				DEVELOPMENT_TEAM = JS9AZ4Z7FX;
				ENABLE_PREVIEWS = YES;
				GENERATE_INFOPLIST_FILE = YES;
				INFOPLIST_FILE = PSNetworkVaporExampleApp/Info.plist;
				INFOPLIST_KEY_UIApplicationSceneManifest_Generation = YES;
				INFOPLIST_KEY_UIApplicationSupportsIndirectInputEvents = YES;
				INFOPLIST_KEY_UILaunchScreen_Generation = YES;
				INFOPLIST_KEY_UISupportedInterfaceOrientations_iPad = "UIInterfaceOrientationPortrait UIInterfaceOrientationPortraitUpsideDown UIInterfaceOrientationLandscapeLeft UIInterfaceOrientationLandscapeRight";
				INFOPLIST_KEY_UISupportedInterfaceOrientations_iPhone = "UIInterfaceOrientationPortrait UIInterfaceOrientationLandscapeLeft UIInterfaceOrientationLandscapeRight";
				LD_RUNPATH_SEARCH_PATHS = (
					"$(inherited)",
					"@executable_path/Frameworks",
				);
				MARKETING_VERSION = 1.0;
				PRODUCT_BUNDLE_IDENTIFIER = software.poleze.PSNetworkVaporExampleApp;
				PRODUCT_NAME = "$(TARGET_NAME)";
				SWIFT_EMIT_LOC_STRINGS = YES;
				SWIFT_VERSION = 5.0;
				TARGETED_DEVICE_FAMILY = "1,2";
			};
			name = Release;
		};
/* End XCBuildConfiguration section */

/* Begin XCConfigurationList section */
		B9597B922A2B632800AEE5B8 /* Build configuration list for PBXProject "PSNetworkVaporExampleApp" */ = {
			isa = XCConfigurationList;
			buildConfigurations = (
				B9597BA32A2B632900AEE5B8 /* Debug */,
				B9597BA42A2B632900AEE5B8 /* Release */,
			);
			defaultConfigurationIsVisible = 0;
			defaultConfigurationName = Release;
		};
		B9597BA52A2B632900AEE5B8 /* Build configuration list for PBXNativeTarget "PSNetworkVaporExampleApp" */ = {
			isa = XCConfigurationList;
			buildConfigurations = (
				B9597BA62A2B632900AEE5B8 /* Debug */,
				B9597BA72A2B632900AEE5B8 /* Release */,
			);
			defaultConfigurationIsVisible = 0;
			defaultConfigurationName = Release;
		};
/* End XCConfigurationList section */

/* Begin XCRemoteSwiftPackageReference section */
		B9597BB22A2C689D00AEE5B8 /* XCRemoteSwiftPackageReference "PSNetwork" */ = {
			isa = XCRemoteSwiftPackageReference;
			repositoryURL = "https://github.com/tiagopoleze/PSNetwork";
			requirement = {
				branch = main;
				kind = branch;
			};
		};
		B9597BB62A2C6DCB00AEE5B8 /* XCRemoteSwiftPackageReference "PSNetworkVaporSharedLibrary" */ = {
			isa = XCRemoteSwiftPackageReference;
			repositoryURL = "https://github.com/tiagopoleze/PSNetworkVaporSharedLibrary";
			requirement = {
				branch = main;
				kind = branch;
			};
		};
/* End XCRemoteSwiftPackageReference section */

/* Begin XCSwiftPackageProductDependency section */
		B9597BB32A2C689D00AEE5B8 /* PSNetwork */ = {
			isa = XCSwiftPackageProductDependency;
			package = B9597BB22A2C689D00AEE5B8 /* XCRemoteSwiftPackageReference "PSNetwork" */;
			productName = PSNetwork;
		};
		B9597BB72A2C6DCB00AEE5B8 /* PSNetworkVaporSharedLibrary */ = {
			isa = XCSwiftPackageProductDependency;
			package = B9597BB62A2C6DCB00AEE5B8 /* XCRemoteSwiftPackageReference "PSNetworkVaporSharedLibrary" */;
			productName = PSNetworkVaporSharedLibrary;
		};
/* End XCSwiftPackageProductDependency section */
	};
	rootObject = B9597B8F2A2B632800AEE5B8 /* Project object */;
}
